
Microsoft Visual Studio Solution File, Format Version 12.00
# Visual Studio Version 17
VisualStudioVersion = 17.14.36429.23 d17.14
MinimumVisualStudioVersion = 10.0.40219.1
Project("{FAE04EC0-301F-11D3-BF4B-00C04F79EFBC}") = "RecipeBookAndMealPlanner", "RecipeBookAndMealPlanner\RecipeBookAndMealPlanner.csproj", "{EA0780BA-A46E-46DF-BC2E-83D09C28A373}"
EndProject
Global
	GlobalSection(SolutionConfigurationPlatforms) = preSolution
		Debug|Any CPU = Debug|Any CPU
		Release|Any CPU = Release|Any CPU
	EndGlobalSection
	GlobalSection(ProjectConfigurationPlatforms) = postSolution
		{EA0780BA-A46E-46DF-BC2E-83D09C28A373}.Debug|Any CPU.ActiveCfg = Debug|Any CPU
		{EA0780BA-A46E-46DF-BC2E-83D09C28A373}.Debug|Any CPU.Build.0 = Debug|Any CPU
		{EA0780BA-A46E-46DF-BC2E-83D09C28A373}.Release|Any CPU.ActiveCfg = Release|Any CPU
		{EA0780BA-A46E-46DF-BC2E-83D09C28A373}.Release|Any CPU.Build.0 = Release|Any CPU
	EndGlobalSection
	GlobalSection(SolutionProperties) = preSolution
		HideSolutionNode = FALSE
	EndGlobalSection
	GlobalSection(ExtensibilityGlobals) = postSolution
		SolutionGuid = {9C0556AE-B33E-4EF9-B330-61B90E3FE8E2}
	EndGlobalSection
EndGlobal
